// !$*UTF8*$!
{
	archiveVersion = 1;
	classes = {
	};
	objectVersion = 46;
	objects = {

/* Begin PBXBuildFile section */
		4932FAD11924538F009AB1BC /* Foundation.framework in Frameworks */ = {isa = PBXBuildFile; fileRef = 4932FAD01924538F009AB1BC /* Foundation.framework */; };
		4932FAD31924538F009AB1BC /* CoreGraphics.framework in Frameworks */ = {isa = PBXBuildFile; fileRef = 4932FAD21924538F009AB1BC /* CoreGraphics.framework */; };
		4932FAD51924538F009AB1BC /* UIKit.framework in Frameworks */ = {isa = PBXBuildFile; fileRef = 4932FAD41924538F009AB1BC /* UIKit.framework */; };
		4932FADB1924538F009AB1BC /* InfoPlist.strings in Resources */ = {isa = PBXBuildFile; fileRef = 4932FAD91924538F009AB1BC /* InfoPlist.strings */; };
		4932FADD1924538F009AB1BC /* main.m in Sources */ = {isa = PBXBuildFile; fileRef = 4932FADC1924538F009AB1BC /* main.m */; };
		4932FAE11924538F009AB1BC /* MCKAppDelegate.m in Sources */ = {isa = PBXBuildFile; fileRef = 4932FAE01924538F009AB1BC /* MCKAppDelegate.m */; };
		4932FAE31924538F009AB1BC /* Images.xcassets in Resources */ = {isa = PBXBuildFile; fileRef = 4932FAE21924538F009AB1BC /* Images.xcassets */; };
		4932FAEA1924538F009AB1BC /* XCTest.framework in Frameworks */ = {isa = PBXBuildFile; fileRef = 4932FAE91924538F009AB1BC /* XCTest.framework */; };
		4932FAEB1924538F009AB1BC /* Foundation.framework in Frameworks */ = {isa = PBXBuildFile; fileRef = 4932FAD01924538F009AB1BC /* Foundation.framework */; };
		4932FAEC1924538F009AB1BC /* UIKit.framework in Frameworks */ = {isa = PBXBuildFile; fileRef = 4932FAD41924538F009AB1BC /* UIKit.framework */; };
		4932FAF41924538F009AB1BC /* InfoPlist.strings in Resources */ = {isa = PBXBuildFile; fileRef = 4932FAF21924538F009AB1BC /* InfoPlist.strings */; };
		4932FAF61924538F009AB1BC /* MCKNumericsTests.m in Sources */ = {isa = PBXBuildFile; fileRef = 4932FAF51924538F009AB1BC /* MCKNumericsTests.m */; };
		4932FB131924546F009AB1BC /* NSNumber+MCKMath.m in Sources */ = {isa = PBXBuildFile; fileRef = 4932FB021924546F009AB1BC /* NSNumber+MCKMath.m */; };
		4932FB141924546F009AB1BC /* MCKComplexNumber.m in Sources */ = {isa = PBXBuildFile; fileRef = 4932FB051924546F009AB1BC /* MCKComplexNumber.m */; };
		4932FB151924546F009AB1BC /* MCKPair.m in Sources */ = {isa = PBXBuildFile; fileRef = 4932FB081924546F009AB1BC /* MCKPair.m */; };
		4932FB161924546F009AB1BC /* MCKRealNumber.m in Sources */ = {isa = PBXBuildFile; fileRef = 4932FB0A1924546F009AB1BC /* MCKRealNumber.m */; };
		4932FB171924546F009AB1BC /* MCKTribool.m in Sources */ = {isa = PBXBuildFile; fileRef = 4932FB0C1924546F009AB1BC /* MCKTribool.m */; };
		4932FB181924546F009AB1BC /* MCKPolynomial.m in Sources */ = {isa = PBXBuildFile; fileRef = 4932FB101924546F009AB1BC /* MCKPolynomial.m */; };
		4932FB191924546F009AB1BC /* MCKQuadratic.m in Sources */ = {isa = PBXBuildFile; fileRef = 4932FB121924546F009AB1BC /* MCKQuadratic.m */; };
		4932FB8119245A7F009AB1BC /* MCKTriboolTests.m in Sources */ = {isa = PBXBuildFile; fileRef = 4932FB8019245A7F009AB1BC /* MCKTriboolTests.m */; };
/* End PBXBuildFile section */

/* Begin PBXContainerItemProxy section */
		4932FAED1924538F009AB1BC /* PBXContainerItemProxy */ = {
			isa = PBXContainerItemProxy;
			containerPortal = 4932FAC51924538F009AB1BC /* Project object */;
			proxyType = 1;
			remoteGlobalIDString = 4932FACC1924538F009AB1BC;
			remoteInfo = MCKNumerics;
		};
/* End PBXContainerItemProxy section */

/* Begin PBXFileReference section */
		4932FACD1924538F009AB1BC /* MCKNumerics.app */ = {isa = PBXFileReference; explicitFileType = wrapper.application; includeInIndex = 0; path = MCKNumerics.app; sourceTree = BUILT_PRODUCTS_DIR; };
		4932FAD01924538F009AB1BC /* Foundation.framework */ = {isa = PBXFileReference; lastKnownFileType = wrapper.framework; name = Foundation.framework; path = System/Library/Frameworks/Foundation.framework; sourceTree = SDKROOT; };
		4932FAD21924538F009AB1BC /* CoreGraphics.framework */ = {isa = PBXFileReference; lastKnownFileType = wrapper.framework; name = CoreGraphics.framework; path = System/Library/Frameworks/CoreGraphics.framework; sourceTree = SDKROOT; };
		4932FAD41924538F009AB1BC /* UIKit.framework */ = {isa = PBXFileReference; lastKnownFileType = wrapper.framework; name = UIKit.framework; path = System/Library/Frameworks/UIKit.framework; sourceTree = SDKROOT; };
		4932FAD81924538F009AB1BC /* MCKNumerics-Info.plist */ = {isa = PBXFileReference; lastKnownFileType = text.plist.xml; path = "MCKNumerics-Info.plist"; sourceTree = "<group>"; };
		4932FADA1924538F009AB1BC /* en */ = {isa = PBXFileReference; lastKnownFileType = text.plist.strings; name = en; path = en.lproj/InfoPlist.strings; sourceTree = "<group>"; };
		4932FADC1924538F009AB1BC /* main.m */ = {isa = PBXFileReference; lastKnownFileType = sourcecode.c.objc; path = main.m; sourceTree = "<group>"; };
		4932FADE1924538F009AB1BC /* MCKNumerics-Prefix.pch */ = {isa = PBXFileReference; lastKnownFileType = sourcecode.c.h; path = "MCKNumerics-Prefix.pch"; sourceTree = "<group>"; };
		4932FADF1924538F009AB1BC /* MCKAppDelegate.h */ = {isa = PBXFileReference; lastKnownFileType = sourcecode.c.h; path = MCKAppDelegate.h; sourceTree = "<group>"; };
		4932FAE01924538F009AB1BC /* MCKAppDelegate.m */ = {isa = PBXFileReference; lastKnownFileType = sourcecode.c.objc; path = MCKAppDelegate.m; sourceTree = "<group>"; };
		4932FAE21924538F009AB1BC /* Images.xcassets */ = {isa = PBXFileReference; lastKnownFileType = folder.assetcatalog; path = Images.xcassets; sourceTree = "<group>"; };
		4932FAE81924538F009AB1BC /* MCKNumericsTests.xctest */ = {isa = PBXFileReference; explicitFileType = wrapper.cfbundle; includeInIndex = 0; path = MCKNumericsTests.xctest; sourceTree = BUILT_PRODUCTS_DIR; };
		4932FAE91924538F009AB1BC /* XCTest.framework */ = {isa = PBXFileReference; lastKnownFileType = wrapper.framework; name = XCTest.framework; path = Library/Frameworks/XCTest.framework; sourceTree = DEVELOPER_DIR; };
		4932FAF11924538F009AB1BC /* MCKNumericsTests-Info.plist */ = {isa = PBXFileReference; lastKnownFileType = text.plist.xml; path = "MCKNumericsTests-Info.plist"; sourceTree = "<group>"; };
		4932FAF31924538F009AB1BC /* en */ = {isa = PBXFileReference; lastKnownFileType = text.plist.strings; name = en; path = en.lproj/InfoPlist.strings; sourceTree = "<group>"; };
		4932FAF51924538F009AB1BC /* MCKNumericsTests.m */ = {isa = PBXFileReference; lastKnownFileType = sourcecode.c.objc; path = MCKNumericsTests.m; sourceTree = "<group>"; };
		4932FB011924546F009AB1BC /* NSNumber+MCKMath.h */ = {isa = PBXFileReference; fileEncoding = 4; lastKnownFileType = sourcecode.c.h; path = "NSNumber+MCKMath.h"; sourceTree = "<group>"; };
		4932FB021924546F009AB1BC /* NSNumber+MCKMath.m */ = {isa = PBXFileReference; fileEncoding = 4; lastKnownFileType = sourcecode.c.objc; path = "NSNumber+MCKMath.m"; sourceTree = "<group>"; };
		4932FB041924546F009AB1BC /* MCKComplexNumber.h */ = {isa = PBXFileReference; fileEncoding = 4; lastKnownFileType = sourcecode.c.h; path = MCKComplexNumber.h; sourceTree = "<group>"; };
		4932FB051924546F009AB1BC /* MCKComplexNumber.m */ = {isa = PBXFileReference; fileEncoding = 4; lastKnownFileType = sourcecode.c.objc; path = MCKComplexNumber.m; sourceTree = "<group>"; };
		4932FB061924546F009AB1BC /* MCKNumberFormats.h */ = {isa = PBXFileReference; fileEncoding = 4; lastKnownFileType = sourcecode.c.h; path = MCKNumberFormats.h; sourceTree = "<group>"; };
		4932FB071924546F009AB1BC /* MCKPair.h */ = {isa = PBXFileReference; fileEncoding = 4; lastKnownFileType = sourcecode.c.h; path = MCKPair.h; sourceTree = "<group>"; };
		4932FB081924546F009AB1BC /* MCKPair.m */ = {isa = PBXFileReference; fileEncoding = 4; lastKnownFileType = sourcecode.c.objc; path = MCKPair.m; sourceTree = "<group>"; };
		4932FB091924546F009AB1BC /* MCKRealNumber.h */ = {isa = PBXFileReference; fileEncoding = 4; lastKnownFileType = sourcecode.c.h; path = MCKRealNumber.h; sourceTree = "<group>"; };
		4932FB0A1924546F009AB1BC /* MCKRealNumber.m */ = {isa = PBXFileReference; fileEncoding = 4; lastKnownFileType = sourcecode.c.objc; path = MCKRealNumber.m; sourceTree = "<group>"; };
		4932FB0B1924546F009AB1BC /* MCKTribool.h */ = {isa = PBXFileReference; fileEncoding = 4; lastKnownFileType = sourcecode.c.h; path = MCKTribool.h; sourceTree = "<group>"; };
		4932FB0C1924546F009AB1BC /* MCKTribool.m */ = {isa = PBXFileReference; fileEncoding = 4; lastKnownFileType = sourcecode.c.objc; path = MCKTribool.m; sourceTree = "<group>"; };
		4932FB0E1924546F009AB1BC /* MCKEquation.h */ = {isa = PBXFileReference; fileEncoding = 4; lastKnownFileType = sourcecode.c.h; path = MCKEquation.h; sourceTree = "<group>"; };
		4932FB0F1924546F009AB1BC /* MCKPolynomial.h */ = {isa = PBXFileReference; fileEncoding = 4; lastKnownFileType = sourcecode.c.h; path = MCKPolynomial.h; sourceTree = "<group>"; };
		4932FB101924546F009AB1BC /* MCKPolynomial.m */ = {isa = PBXFileReference; fileEncoding = 4; lastKnownFileType = sourcecode.c.objc; path = MCKPolynomial.m; sourceTree = "<group>"; };
		4932FB111924546F009AB1BC /* MCKQuadratic.h */ = {isa = PBXFileReference; fileEncoding = 4; lastKnownFileType = sourcecode.c.h; path = MCKQuadratic.h; sourceTree = "<group>"; };
		4932FB121924546F009AB1BC /* MCKQuadratic.m */ = {isa = PBXFileReference; fileEncoding = 4; lastKnownFileType = sourcecode.c.objc; path = MCKQuadratic.m; sourceTree = "<group>"; };
		4932FB8019245A7F009AB1BC /* MCKTriboolTests.m */ = {isa = PBXFileReference; fileEncoding = 4; lastKnownFileType = sourcecode.c.objc; path = MCKTriboolTests.m; sourceTree = "<group>"; };
/* End PBXFileReference section */

/* Begin PBXFrameworksBuildPhase section */
		4932FACA1924538F009AB1BC /* Frameworks */ = {
			isa = PBXFrameworksBuildPhase;
			buildActionMask = 2147483647;
			files = (
				4932FAD31924538F009AB1BC /* CoreGraphics.framework in Frameworks */,
				4932FAD51924538F009AB1BC /* UIKit.framework in Frameworks */,
				4932FAD11924538F009AB1BC /* Foundation.framework in Frameworks */,
			);
			runOnlyForDeploymentPostprocessing = 0;
		};
		4932FAE51924538F009AB1BC /* Frameworks */ = {
			isa = PBXFrameworksBuildPhase;
			buildActionMask = 2147483647;
			files = (
				4932FAEA1924538F009AB1BC /* XCTest.framework in Frameworks */,
				4932FAEC1924538F009AB1BC /* UIKit.framework in Frameworks */,
				4932FAEB1924538F009AB1BC /* Foundation.framework in Frameworks */,
			);
			runOnlyForDeploymentPostprocessing = 0;
		};
/* End PBXFrameworksBuildPhase section */

/* Begin PBXGroup section */
		4932FAC41924538F009AB1BC = {
			isa = PBXGroup;
			children = (
				4932FAD61924538F009AB1BC /* MCKNumerics */,
				4932FAEF1924538F009AB1BC /* MCKNumericsTests */,
				4932FACF1924538F009AB1BC /* Frameworks */,
				4932FACE1924538F009AB1BC /* Products */,
			);
			sourceTree = "<group>";
		};
		4932FACE1924538F009AB1BC /* Products */ = {
			isa = PBXGroup;
			children = (
				4932FACD1924538F009AB1BC /* MCKNumerics.app */,
				4932FAE81924538F009AB1BC /* MCKNumericsTests.xctest */,
			);
			name = Products;
			sourceTree = "<group>";
		};
		4932FACF1924538F009AB1BC /* Frameworks */ = {
			isa = PBXGroup;
			children = (
				4932FAD01924538F009AB1BC /* Foundation.framework */,
				4932FAD21924538F009AB1BC /* CoreGraphics.framework */,
				4932FAD41924538F009AB1BC /* UIKit.framework */,
				4932FAE91924538F009AB1BC /* XCTest.framework */,
			);
			name = Frameworks;
			sourceTree = "<group>";
		};
		4932FAD61924538F009AB1BC /* MCKNumerics */ = {
			isa = PBXGroup;
			children = (
				4932FAFF1924546F009AB1BC /* Classes */,
				4932FADF1924538F009AB1BC /* MCKAppDelegate.h */,
				4932FAE01924538F009AB1BC /* MCKAppDelegate.m */,
				4932FAE21924538F009AB1BC /* Images.xcassets */,
				4932FAD71924538F009AB1BC /* Supporting Files */,
			);
			path = MCKNumerics;
			sourceTree = "<group>";
		};
		4932FAD71924538F009AB1BC /* Supporting Files */ = {
			isa = PBXGroup;
			children = (
				4932FAD81924538F009AB1BC /* MCKNumerics-Info.plist */,
				4932FAD91924538F009AB1BC /* InfoPlist.strings */,
				4932FADC1924538F009AB1BC /* main.m */,
				4932FADE1924538F009AB1BC /* MCKNumerics-Prefix.pch */,
			);
			name = "Supporting Files";
			sourceTree = "<group>";
		};
		4932FAEF1924538F009AB1BC /* MCKNumericsTests */ = {
			isa = PBXGroup;
			children = (
				4932FAF51924538F009AB1BC /* MCKNumericsTests.m */,
				4932FB8019245A7F009AB1BC /* MCKTriboolTests.m */,
				4932FAF01924538F009AB1BC /* Supporting Files */,
			);
			path = MCKNumericsTests;
			sourceTree = "<group>";
		};
		4932FAF01924538F009AB1BC /* Supporting Files */ = {
			isa = PBXGroup;
			children = (
				4932FAF11924538F009AB1BC /* MCKNumericsTests-Info.plist */,
				4932FAF21924538F009AB1BC /* InfoPlist.strings */,
			);
			name = "Supporting Files";
			sourceTree = "<group>";
		};
		4932FAFF1924546F009AB1BC /* Classes */ = {
			isa = PBXGroup;
			children = (
				4932FB001924546F009AB1BC /* Categories */,
				4932FB031924546F009AB1BC /* Data Types */,
				4932FB0D1924546F009AB1BC /* Equations */,
			);
			path = Classes;
			sourceTree = "<group>";
		};
		4932FB001924546F009AB1BC /* Categories */ = {
			isa = PBXGroup;
			children = (
				4932FB011924546F009AB1BC /* NSNumber+MCKMath.h */,
				4932FB021924546F009AB1BC /* NSNumber+MCKMath.m */,
			);
			path = Categories;
			sourceTree = "<group>";
		};
		4932FB031924546F009AB1BC /* Data Types */ = {
			isa = PBXGroup;
			children = (
				4932FB041924546F009AB1BC /* MCKComplexNumber.h */,
				4932FB051924546F009AB1BC /* MCKComplexNumber.m */,
				4932FB061924546F009AB1BC /* MCKNumberFormats.h */,
				4932FB071924546F009AB1BC /* MCKPair.h */,
				4932FB081924546F009AB1BC /* MCKPair.m */,
				4932FB091924546F009AB1BC /* MCKRealNumber.h */,
				4932FB0A1924546F009AB1BC /* MCKRealNumber.m */,
				4932FB0B1924546F009AB1BC /* MCKTribool.h */,
				4932FB0C1924546F009AB1BC /* MCKTribool.m */,
			);
			path = "Data Types";
			sourceTree = "<group>";
		};
		4932FB0D1924546F009AB1BC /* Equations */ = {
			isa = PBXGroup;
			children = (
				4932FB0E1924546F009AB1BC /* MCKEquation.h */,
				4932FB0F1924546F009AB1BC /* MCKPolynomial.h */,
				4932FB101924546F009AB1BC /* MCKPolynomial.m */,
				4932FB111924546F009AB1BC /* MCKQuadratic.h */,
				4932FB121924546F009AB1BC /* MCKQuadratic.m */,
			);
			path = Equations;
			sourceTree = "<group>";
		};
/* End PBXGroup section */

/* Begin PBXNativeTarget section */
		4932FACC1924538F009AB1BC /* MCKNumerics */ = {
			isa = PBXNativeTarget;
			buildConfigurationList = 4932FAF91924538F009AB1BC /* Build configuration list for PBXNativeTarget "MCKNumerics" */;
			buildPhases = (
				4932FAC91924538F009AB1BC /* Sources */,
				4932FACA1924538F009AB1BC /* Frameworks */,
				4932FACB1924538F009AB1BC /* Resources */,
			);
			buildRules = (
			);
			dependencies = (
			);
			name = MCKNumerics;
			productName = MCKNumerics;
			productReference = 4932FACD1924538F009AB1BC /* MCKNumerics.app */;
			productType = "com.apple.product-type.application";
		};
		4932FAE71924538F009AB1BC /* MCKNumericsTests */ = {
			isa = PBXNativeTarget;
			buildConfigurationList = 4932FAFC1924538F009AB1BC /* Build configuration list for PBXNativeTarget "MCKNumericsTests" */;
			buildPhases = (
				4932FAE41924538F009AB1BC /* Sources */,
				4932FAE51924538F009AB1BC /* Frameworks */,
				4932FAE61924538F009AB1BC /* Resources */,
			);
			buildRules = (
			);
			dependencies = (
				4932FAEE1924538F009AB1BC /* PBXTargetDependency */,
			);
			name = MCKNumericsTests;
			productName = MCKNumericsTests;
			productReference = 4932FAE81924538F009AB1BC /* MCKNumericsTests.xctest */;
			productType = "com.apple.product-type.bundle.unit-test";
		};
/* End PBXNativeTarget section */

/* Begin PBXProject section */
		4932FAC51924538F009AB1BC /* Project object */ = {
			isa = PBXProject;
			attributes = {
				CLASSPREFIX = MCK;
				LastUpgradeCheck = 0510;
				ORGANIZATIONNAME = "Andrew McKnight";
				TargetAttributes = {
					4932FAE71924538F009AB1BC = {
						TestTargetID = 4932FACC1924538F009AB1BC;
					};
				};
			};
			buildConfigurationList = 4932FAC81924538F009AB1BC /* Build configuration list for PBXProject "MCKNumerics" */;
			compatibilityVersion = "Xcode 3.2";
			developmentRegion = English;
			hasScannedForEncodings = 0;
			knownRegions = (
				en,
			);
			mainGroup = 4932FAC41924538F009AB1BC;
			productRefGroup = 4932FACE1924538F009AB1BC /* Products */;
			projectDirPath = "";
			projectRoot = "";
			targets = (
				4932FACC1924538F009AB1BC /* MCKNumerics */,
				4932FAE71924538F009AB1BC /* MCKNumericsTests */,
			);
		};
/* End PBXProject section */

/* Begin PBXResourcesBuildPhase section */
		4932FACB1924538F009AB1BC /* Resources */ = {
			isa = PBXResourcesBuildPhase;
			buildActionMask = 2147483647;
			files = (
				4932FADB1924538F009AB1BC /* InfoPlist.strings in Resources */,
				4932FAE31924538F009AB1BC /* Images.xcassets in Resources */,
			);
			runOnlyForDeploymentPostprocessing = 0;
		};
		4932FAE61924538F009AB1BC /* Resources */ = {
			isa = PBXResourcesBuildPhase;
			buildActionMask = 2147483647;
			files = (
				4932FAF41924538F009AB1BC /* InfoPlist.strings in Resources */,
			);
			runOnlyForDeploymentPostprocessing = 0;
		};
/* End PBXResourcesBuildPhase section */

/* Begin PBXSourcesBuildPhase section */
		4932FAC91924538F009AB1BC /* Sources */ = {
			isa = PBXSourcesBuildPhase;
			buildActionMask = 2147483647;
			files = (
				4932FAE11924538F009AB1BC /* MCKAppDelegate.m in Sources */,
				4932FB181924546F009AB1BC /* MCKPolynomial.m in Sources */,
				4932FB141924546F009AB1BC /* MCKComplexNumber.m in Sources */,
				4932FB191924546F009AB1BC /* MCKQuadratic.m in Sources */,
				4932FB151924546F009AB1BC /* MCKPair.m in Sources */,
				4932FB171924546F009AB1BC /* MCKTribool.m in Sources */,
				4932FB131924546F009AB1BC /* NSNumber+MCKMath.m in Sources */,
				4932FB161924546F009AB1BC /* MCKRealNumber.m in Sources */,
				4932FADD1924538F009AB1BC /* main.m in Sources */,
			);
			runOnlyForDeploymentPostprocessing = 0;
		};
		4932FAE41924538F009AB1BC /* Sources */ = {
			isa = PBXSourcesBuildPhase;
			buildActionMask = 2147483647;
			files = (
				4932FAF61924538F009AB1BC /* MCKNumericsTests.m in Sources */,
				4932FB8119245A7F009AB1BC /* MCKTriboolTests.m in Sources */,
			);
			runOnlyForDeploymentPostprocessing = 0;
		};
/* End PBXSourcesBuildPhase section */

/* Begin PBXTargetDependency section */
		4932FAEE1924538F009AB1BC /* PBXTargetDependency */ = {
			isa = PBXTargetDependency;
			target = 4932FACC1924538F009AB1BC /* MCKNumerics */;
			targetProxy = 4932FAED1924538F009AB1BC /* PBXContainerItemProxy */;
		};
/* End PBXTargetDependency section */

/* Begin PBXVariantGroup section */
		4932FAD91924538F009AB1BC /* InfoPlist.strings */ = {
			isa = PBXVariantGroup;
			children = (
				4932FADA1924538F009AB1BC /* en */,
			);
			name = InfoPlist.strings;
			sourceTree = "<group>";
		};
		4932FAF21924538F009AB1BC /* InfoPlist.strings */ = {
			isa = PBXVariantGroup;
			children = (
				4932FAF31924538F009AB1BC /* en */,
			);
			name = InfoPlist.strings;
			sourceTree = "<group>";
		};
/* End PBXVariantGroup section */

/* Begin XCBuildConfiguration section */
		4932FAF71924538F009AB1BC /* Debug */ = {
			isa = XCBuildConfiguration;
			buildSettings = {
				ALWAYS_SEARCH_USER_PATHS = NO;
				CLANG_CXX_LANGUAGE_STANDARD = "gnu++0x";
				CLANG_CXX_LIBRARY = "libc++";
				CLANG_ENABLE_MODULES = YES;
				CLANG_ENABLE_OBJC_ARC = YES;
				CLANG_WARN_BOOL_CONVERSION = YES;
				CLANG_WARN_CONSTANT_CONVERSION = YES;
				CLANG_WARN_DIRECT_OBJC_ISA_USAGE = YES_ERROR;
				CLANG_WARN_EMPTY_BODY = YES;
				CLANG_WARN_ENUM_CONVERSION = YES;
				CLANG_WARN_INT_CONVERSION = YES;
				CLANG_WARN_OBJC_ROOT_CLASS = YES_ERROR;
				CLANG_WARN__DUPLICATE_METHOD_MATCH = YES;
				"CODE_SIGN_IDENTITY[sdk=iphoneos*]" = "iPhone Developer";
				COPY_PHASE_STRIP = NO;
				GCC_C_LANGUAGE_STANDARD = gnu99;
				GCC_DYNAMIC_NO_PIC = NO;
				GCC_OPTIMIZATION_LEVEL = 0;
				GCC_PREPROCESSOR_DEFINITIONS = (
					"DEBUG=1",
					"$(inherited)",
				);
				GCC_SYMBOLS_PRIVATE_EXTERN = NO;
				GCC_WARN_64_TO_32_BIT_CONVERSION = YES;
				GCC_WARN_ABOUT_RETURN_TYPE = YES_ERROR;
				GCC_WARN_UNDECLARED_SELECTOR = YES;
				GCC_WARN_UNINITIALIZED_AUTOS = YES_AGGRESSIVE;
				GCC_WARN_UNUSED_FUNCTION = YES;
				GCC_WARN_UNUSED_VARIABLE = YES;
				IPHONEOS_DEPLOYMENT_TARGET = 7.1;
				ONLY_ACTIVE_ARCH = YES;
				SDKROOT = iphoneos;
				TARGETED_DEVICE_FAMILY = "1,2";
			};
			name = Debug;
		};
		4932FAF81924538F009AB1BC /* Release */ = {
			isa = XCBuildConfiguration;
			buildSettings = {
				ALWAYS_SEARCH_USER_PATHS = NO;
				CLANG_CXX_LANGUAGE_STANDARD = "gnu++0x";
				CLANG_CXX_LIBRARY = "libc++";
				CLANG_ENABLE_MODULES = YES;
				CLANG_ENABLE_OBJC_ARC = YES;
				CLANG_WARN_BOOL_CONVERSION = YES;
				CLANG_WARN_CONSTANT_CONVERSION = YES;
				CLANG_WARN_DIRECT_OBJC_ISA_USAGE = YES_ERROR;
				CLANG_WARN_EMPTY_BODY = YES;
				CLANG_WARN_ENUM_CONVERSION = YES;
				CLANG_WARN_INT_CONVERSION = YES;
				CLANG_WARN_OBJC_ROOT_CLASS = YES_ERROR;
				CLANG_WARN__DUPLICATE_METHOD_MATCH = YES;
				"CODE_SIGN_IDENTITY[sdk=iphoneos*]" = "iPhone Developer";
				COPY_PHASE_STRIP = YES;
				ENABLE_NS_ASSERTIONS = NO;
				GCC_C_LANGUAGE_STANDARD = gnu99;
				GCC_WARN_64_TO_32_BIT_CONVERSION = YES;
				GCC_WARN_ABOUT_RETURN_TYPE = YES_ERROR;
				GCC_WARN_UNDECLARED_SELECTOR = YES;
				GCC_WARN_UNINITIALIZED_AUTOS = YES_AGGRESSIVE;
				GCC_WARN_UNUSED_FUNCTION = YES;
				GCC_WARN_UNUSED_VARIABLE = YES;
				IPHONEOS_DEPLOYMENT_TARGET = 7.1;
				SDKROOT = iphoneos;
				TARGETED_DEVICE_FAMILY = "1,2";
				VALIDATE_PRODUCT = YES;
			};
			name = Release;
		};
		4932FAFA1924538F009AB1BC /* Debug */ = {
			isa = XCBuildConfiguration;
			buildSettings = {
				ASSETCATALOG_COMPILER_APPICON_NAME = AppIcon;
				ASSETCATALOG_COMPILER_LAUNCHIMAGE_NAME = LaunchImage;
				GCC_PRECOMPILE_PREFIX_HEADER = YES;
				GCC_PREFIX_HEADER = "MCKNumerics/MCKNumerics-Prefix.pch";
				INFOPLIST_FILE = "MCKNumerics/MCKNumerics-Info.plist";
				PRODUCT_NAME = "$(TARGET_NAME)";
				WRAPPER_EXTENSION = app;
			};
			name = Debug;
		};
		4932FAFB1924538F009AB1BC /* Release */ = {
			isa = XCBuildConfiguration;
			buildSettings = {
				ASSETCATALOG_COMPILER_APPICON_NAME = AppIcon;
				ASSETCATALOG_COMPILER_LAUNCHIMAGE_NAME = LaunchImage;
				GCC_PRECOMPILE_PREFIX_HEADER = YES;
				GCC_PREFIX_HEADER = "MCKNumerics/MCKNumerics-Prefix.pch";
				INFOPLIST_FILE = "MCKNumerics/MCKNumerics-Info.plist";
				PRODUCT_NAME = "$(TARGET_NAME)";
				WRAPPER_EXTENSION = app;
			};
			name = Release;
		};
		4932FAFD1924538F009AB1BC /* Debug */ = {
			isa = XCBuildConfiguration;
			buildSettings = {
				BUNDLE_LOADER = "$(BUILT_PRODUCTS_DIR)/MCKNumerics.app/MCKNumerics";
				FRAMEWORK_SEARCH_PATHS = (
					"$(SDKROOT)/Developer/Library/Frameworks",
					"$(inherited)",
					"$(DEVELOPER_FRAMEWORKS_DIR)",
				);
				GCC_PRECOMPILE_PREFIX_HEADER = YES;
				GCC_PREFIX_HEADER = "MCKNumerics/MCKNumerics-Prefix.pch";
				GCC_PREPROCESSOR_DEFINITIONS = (
					"DEBUG=1",
					"$(inherited)",
				);
				INFOPLIST_FILE = "MCKNumericsTests/MCKNumericsTests-Info.plist";
				PRODUCT_NAME = "$(TARGET_NAME)";
				TEST_HOST = "$(BUNDLE_LOADER)";
				WRAPPER_EXTENSION = xctest;
			};
			name = Debug;
		};
		4932FAFE1924538F009AB1BC /* Release */ = {
			isa = XCBuildConfiguration;
			buildSettings = {
				BUNDLE_LOADER = "$(BUILT_PRODUCTS_DIR)/MCKNumerics.app/MCKNumerics";
				FRAMEWORK_SEARCH_PATHS = (
					"$(SDKROOT)/Developer/Library/Frameworks",
					"$(inherited)",
					"$(DEVELOPER_FRAMEWORKS_DIR)",
				);
				GCC_PRECOMPILE_PREFIX_HEADER = YES;
				GCC_PREFIX_HEADER = "MCKNumerics/MCKNumerics-Prefix.pch";
				INFOPLIST_FILE = "MCKNumericsTests/MCKNumericsTests-Info.plist";
				PRODUCT_NAME = "$(TARGET_NAME)";
				TEST_HOST = "$(BUNDLE_LOADER)";
				WRAPPER_EXTENSION = xctest;
			};
			name = Release;
		};
/* End XCBuildConfiguration section */

/* Begin XCConfigurationList section */
		4932FAC81924538F009AB1BC /* Build configuration list for PBXProject "MCKNumerics" */ = {
			isa = XCConfigurationList;
			buildConfigurations = (
				4932FAF71924538F009AB1BC /* Debug */,
				4932FAF81924538F009AB1BC /* Release */,
			);
			defaultConfigurationIsVisible = 0;
			defaultConfigurationName = Release;
		};
		4932FAF91924538F009AB1BC /* Build configuration list for PBXNativeTarget "MCKNumerics" */ = {
			isa = XCConfigurationList;
			buildConfigurations = (
				4932FAFA1924538F009AB1BC /* Debug */,
				4932FAFB1924538F009AB1BC /* Release */,
			);
			defaultConfigurationIsVisible = 0;
		};
		4932FAFC1924538F009AB1BC /* Build configuration list for PBXNativeTarget "MCKNumericsTests" */ = {
			isa = XCConfigurationList;
			buildConfigurations = (
				4932FAFD1924538F009AB1BC /* Debug */,
				4932FAFE1924538F009AB1BC /* Release */,
			);
			defaultConfigurationIsVisible = 0;
		};
/* End XCConfigurationList section */
	};
	rootObject = 4932FAC51924538F009AB1BC /* Project object */;
}
